
Microsoft Visual Studio Solution File, Format Version 12.00
# Visual Studio 15
VisualStudioVersion = 15.0.28010.2019
MinimumVisualStudioVersion = 10.0.40219.1
Project("{FAE04EC0-301F-11D3-BF4B-00C04F79EFBC}") = "WinformsStyleEngine", "WinformsStyleEngine\WinformsStyleEngine.csproj", "{CCE45526-4791-403B-81CE-F946C599D978}"
EndProject
Project("{FAE04EC0-301F-11D3-BF4B-00C04F79EFBC}") = "Examples", "Examples\Examples.csproj", "{9A326A47-0974-4F84-AB2A-E9696B09C423}"
EndProject
Project("{2150E333-8FDC-42A3-9474-1A3956D46DE8}") = "Z. Documentation", "Z. Documentation", "{89592495-9905-446E-B2C8-8B52DB447DAB}"
EndProject
Project("{2150E333-8FDC-42A3-9474-1A3956D46DE8}") = "Theming", "Theming", "{5DD40170-07D4-4841-9127-00F8B79337B0}"
EndProject
Global
	GlobalSection(SolutionConfigurationPlatforms) = preSolution
		Debug|Any CPU = Debug|Any CPU
		Release|Any CPU = Release|Any CPU
	EndGlobalSection
	GlobalSection(ProjectConfigurationPlatforms) = postSolution
		{CCE45526-4791-403B-81CE-F946C599D978}.Debug|Any CPU.ActiveCfg = Debug|Any CPU
		{CCE45526-4791-403B-81CE-F946C599D978}.Debug|Any CPU.Build.0 = Debug|Any CPU
		{CCE45526-4791-403B-81CE-F946C599D978}.Release|Any CPU.ActiveCfg = Release|Any CPU
		{CCE45526-4791-403B-81CE-F946C599D978}.Release|Any CPU.Build.0 = Release|Any CPU
		{9A326A47-0974-4F84-AB2A-E9696B09C423}.Debug|Any CPU.ActiveCfg = Debug|Any CPU
		{9A326A47-0974-4F84-AB2A-E9696B09C423}.Debug|Any CPU.Build.0 = Debug|Any CPU
		{9A326A47-0974-4F84-AB2A-E9696B09C423}.Release|Any CPU.ActiveCfg = Release|Any CPU
		{9A326A47-0974-4F84-AB2A-E9696B09C423}.Release|Any CPU.Build.0 = Release|Any CPU
	EndGlobalSection
	GlobalSection(SolutionProperties) = preSolution
		HideSolutionNode = FALSE
	EndGlobalSection
	GlobalSection(NestedProjects) = preSolution
		{CCE45526-4791-403B-81CE-F946C599D978} = {5DD40170-07D4-4841-9127-00F8B79337B0}
		{9A326A47-0974-4F84-AB2A-E9696B09C423} = {89592495-9905-446E-B2C8-8B52DB447DAB}
	EndGlobalSection
	GlobalSection(ExtensibilityGlobals) = postSolution
		SolutionGuid = {C0E4A362-5381-4FEE-B3B7-F386594BC997}
	EndGlobalSection
EndGlobal
